{
    "_readme": [
        "This file locks the dependencies of your project to a known state",
        "Read more about it at https://getcomposer.org/doc/01-basic-usage.md#composer-lock-the-lock-file",
        "This file is @generated automatically"
    ],
    "hash": "4b8320973764205cb8a7620d0494dffb",
    "content-hash": "18309a94e4fdc232ffb8eec26bc6eae1",
    "packages": [
        {
            "name": "mishal/iless",
            "version": "2.2.0",
            "source": {
                "type": "git",
                "url": "https://github.com/mishal/iless.git",
                "reference": "d75af501ab0ca411efd041faa53e6652f1602553"
            },
            "dist": {
                "type": "zip",
                "url": "https://api.github.com/repos/mishal/iless/zipball/d75af501ab0ca411efd041faa53e6652f1602553",
                "reference": "d75af501ab0ca411efd041faa53e6652f1602553",
                "shasum": ""
            },
            "require": {
                "php": ">=5.4.0"
            },
            "bin": [
                "bin/iless"
            ],
            "type": "library",
            "extra": {
                "branch-alias": {
                    "dev-master": "2.1-dev"
                }
            },
            "autoload": {
                "psr-4": {
                    "ILess\\": "lib/ILess"
                }
            },
            "notification-url": "https://packagist.org/downloads/",
            "license": [
                "MIT"
            ],
            "authors": [
                {
                    "name": "ILess contributors",
                    "homepage": "https://github.com/mishal/iless/wiki/Contributors"
                }
            ],
            "description": "Less.js port to PHP",
            "homepage": "http://github.com/mishal/iless",
            "keywords": [
                "compiler",
                "css",
                "less",
                "less.js",
                "lesscss",
                "parser"
            ],
            "time": "2016-04-25 07:03:37"
        }
    ],
    "packages-dev": [],
    "aliases": [],
    "minimum-stability": "stable",
    "stability-flags": [],
    "prefer-stable": false,
    "prefer-lowest": false,
    "platform": [],
    "platform-dev": []
}
